// !$*UTF8*$!
{
	archiveVersion = 1;
	classes = {
	};
	objectVersion = 46;
	objects = {

/* Begin PBXBuildFile section */
		1D0C1E554DF1C6D0CA9C3B82 /* libPods-lil-twitter.a in Frameworks */ = {isa = PBXBuildFile; fileRef = C1F2B49FBB07BDDA6CD05250 /* libPods-lil-twitter.a */; };
		3D6C6CD61B0A81FB00EFE42C /* TwitterClient.swift in Sources */ = {isa = PBXBuildFile; fileRef = 3D6C6CD51B0A81FB00EFE42C /* TwitterClient.swift */; };
		3DBA2F931B0A775400606B1B /* AppDelegate.swift in Sources */ = {isa = PBXBuildFile; fileRef = 3DBA2F921B0A775400606B1B /* AppDelegate.swift */; };
		3DBA2F951B0A775400606B1B /* ViewController.swift in Sources */ = {isa = PBXBuildFile; fileRef = 3DBA2F941B0A775400606B1B /* ViewController.swift */; };
		3DBA2F981B0A775400606B1B /* Main.storyboard in Resources */ = {isa = PBXBuildFile; fileRef = 3DBA2F961B0A775400606B1B /* Main.storyboard */; };
		3DBA2F9A1B0A775400606B1B /* Images.xcassets in Resources */ = {isa = PBXBuildFile; fileRef = 3DBA2F991B0A775400606B1B /* Images.xcassets */; };
		3DBA2F9D1B0A775400606B1B /* LaunchScreen.xib in Resources */ = {isa = PBXBuildFile; fileRef = 3DBA2F9B1B0A775400606B1B /* LaunchScreen.xib */; };
		3DBA2FA91B0A775400606B1B /* lil_twitterTests.swift in Sources */ = {isa = PBXBuildFile; fileRef = 3DBA2FA81B0A775400606B1B /* lil_twitterTests.swift */; };
/* End PBXBuildFile section */

/* Begin PBXContainerItemProxy section */
		3DBA2FA31B0A775400606B1B /* PBXContainerItemProxy */ = {
			isa = PBXContainerItemProxy;
			containerPortal = 3DBA2F851B0A775400606B1B /* Project object */;
			proxyType = 1;
			remoteGlobalIDString = 3DBA2F8C1B0A775400606B1B;
			remoteInfo = "lil-twitter";
		};
/* End PBXContainerItemProxy section */

/* Begin PBXFileReference section */
		044EF4DEB68618B7609ED088 /* Pods-lil-twitter.debug.xcconfig */ = {isa = PBXFileReference; includeInIndex = 1; lastKnownFileType = text.xcconfig; name = "Pods-lil-twitter.debug.xcconfig"; path = "Pods/Target Support Files/Pods-lil-twitter/Pods-lil-twitter.debug.xcconfig"; sourceTree = "<group>"; };
		3D6C6CD11B0A816F00EFE42C /* lil-twitter-Bridging-Header.h */ = {isa = PBXFileReference; lastKnownFileType = sourcecode.c.h; path = "lil-twitter-Bridging-Header.h"; sourceTree = "<group>"; };
		3D6C6CD51B0A81FB00EFE42C /* TwitterClient.swift */ = {isa = PBXFileReference; fileEncoding = 4; lastKnownFileType = sourcecode.swift; path = TwitterClient.swift; sourceTree = "<group>"; };
		3DBA2F8D1B0A775400606B1B /* lil-twitter.app */ = {isa = PBXFileReference; explicitFileType = wrapper.application; includeInIndex = 0; path = "lil-twitter.app"; sourceTree = BUILT_PRODUCTS_DIR; };
		3DBA2F911B0A775400606B1B /* Info.plist */ = {isa = PBXFileReference; lastKnownFileType = text.plist.xml; path = Info.plist; sourceTree = "<group>"; };
		3DBA2F921B0A775400606B1B /* AppDelegate.swift */ = {isa = PBXFileReference; lastKnownFileType = sourcecode.swift; path = AppDelegate.swift; sourceTree = "<group>"; };
		3DBA2F941B0A775400606B1B /* ViewController.swift */ = {isa = PBXFileReference; lastKnownFileType = sourcecode.swift; path = ViewController.swift; sourceTree = "<group>"; };
		3DBA2F971B0A775400606B1B /* Base */ = {isa = PBXFileReference; lastKnownFileType = file.storyboard; name = Base; path = Base.lproj/Main.storyboard; sourceTree = "<group>"; };
		3DBA2F991B0A775400606B1B /* Images.xcassets */ = {isa = PBXFileReference; lastKnownFileType = folder.assetcatalog; path = Images.xcassets; sourceTree = "<group>"; };
		3DBA2F9C1B0A775400606B1B /* Base */ = {isa = PBXFileReference; lastKnownFileType = file.xib; name = Base; path = Base.lproj/LaunchScreen.xib; sourceTree = "<group>"; };
		3DBA2FA21B0A775400606B1B /* lil-twitterTests.xctest */ = {isa = PBXFileReference; explicitFileType = wrapper.cfbundle; includeInIndex = 0; path = "lil-twitterTests.xctest"; sourceTree = BUILT_PRODUCTS_DIR; };
		3DBA2FA71B0A775400606B1B /* Info.plist */ = {isa = PBXFileReference; lastKnownFileType = text.plist.xml; path = Info.plist; sourceTree = "<group>"; };
		3DBA2FA81B0A775400606B1B /* lil_twitterTests.swift */ = {isa = PBXFileReference; lastKnownFileType = sourcecode.swift; path = lil_twitterTests.swift; sourceTree = "<group>"; };
		67F3F5179D2215EB0644E4D4 /* Pods-lil-twitter.release.xcconfig */ = {isa = PBXFileReference; includeInIndex = 1; lastKnownFileType = text.xcconfig; name = "Pods-lil-twitter.release.xcconfig"; path = "Pods/Target Support Files/Pods-lil-twitter/Pods-lil-twitter.release.xcconfig"; sourceTree = "<group>"; };
		C1F2B49FBB07BDDA6CD05250 /* libPods-lil-twitter.a */ = {isa = PBXFileReference; explicitFileType = archive.ar; includeInIndex = 0; path = "libPods-lil-twitter.a"; sourceTree = BUILT_PRODUCTS_DIR; };
/* End PBXFileReference section */

/* Begin PBXFrameworksBuildPhase section */
		3DBA2F8A1B0A775400606B1B /* Frameworks */ = {
			isa = PBXFrameworksBuildPhase;
			buildActionMask = 2147483647;
			files = (
				1D0C1E554DF1C6D0CA9C3B82 /* libPods-lil-twitter.a in Frameworks */,
			);
			runOnlyForDeploymentPostprocessing = 0;
		};
		3DBA2F9F1B0A775400606B1B /* Frameworks */ = {
			isa = PBXFrameworksBuildPhase;
			buildActionMask = 2147483647;
			files = (
			);
			runOnlyForDeploymentPostprocessing = 0;
		};
/* End PBXFrameworksBuildPhase section */

/* Begin PBXGroup section */
		3D6C6CD41B0A81B100EFE42C /* API */ = {
			isa = PBXGroup;
			children = (
				3D6C6CD51B0A81FB00EFE42C /* TwitterClient.swift */,
			);
			name = API;
			sourceTree = "<group>";
		};
		3DBA2F841B0A775400606B1B = {
			isa = PBXGroup;
			children = (
				3DBA2F8F1B0A775400606B1B /* lil-twitter */,
				3DBA2FA51B0A775400606B1B /* lil-twitterTests */,
				3DBA2F8E1B0A775400606B1B /* Products */,
				7FEE6E796B4CC46769153677 /* Pods */,
				B80466ECCC38895D9190F953 /* Frameworks */,
			);
			sourceTree = "<group>";
		};
		3DBA2F8E1B0A775400606B1B /* Products */ = {
			isa = PBXGroup;
			children = (
				3DBA2F8D1B0A775400606B1B /* lil-twitter.app */,
				3DBA2FA21B0A775400606B1B /* lil-twitterTests.xctest */,
			);
			name = Products;
			sourceTree = "<group>";
		};
		3DBA2F8F1B0A775400606B1B /* lil-twitter */ = {
			isa = PBXGroup;
			children = (
				3DBA2F921B0A775400606B1B /* AppDelegate.swift */,
				3DBA2F941B0A775400606B1B /* ViewController.swift */,
				3D6C6CD41B0A81B100EFE42C /* API */,
				3DBA2F961B0A775400606B1B /* Main.storyboard */,
				3DBA2F991B0A775400606B1B /* Images.xcassets */,
				3DBA2F9B1B0A775400606B1B /* LaunchScreen.xib */,
				3DBA2F901B0A775400606B1B /* Supporting Files */,
				3D6C6CD11B0A816F00EFE42C /* lil-twitter-Bridging-Header.h */,
			);
			path = "lil-twitter";
			sourceTree = "<group>";
		};
		3DBA2F901B0A775400606B1B /* Supporting Files */ = {
			isa = PBXGroup;
			children = (
				3DBA2F911B0A775400606B1B /* Info.plist */,
			);
			name = "Supporting Files";
			sourceTree = "<group>";
		};
		3DBA2FA51B0A775400606B1B /* lil-twitterTests */ = {
			isa = PBXGroup;
			children = (
				3DBA2FA81B0A775400606B1B /* lil_twitterTests.swift */,
				3DBA2FA61B0A775400606B1B /* Supporting Files */,
			);
			path = "lil-twitterTests";
			sourceTree = "<group>";
		};
		3DBA2FA61B0A775400606B1B /* Supporting Files */ = {
			isa = PBXGroup;
			children = (
				3DBA2FA71B0A775400606B1B /* Info.plist */,
			);
			name = "Supporting Files";
			sourceTree = "<group>";
		};
		7FEE6E796B4CC46769153677 /* Pods */ = {
			isa = PBXGroup;
			children = (
				044EF4DEB68618B7609ED088 /* Pods-lil-twitter.debug.xcconfig */,
				67F3F5179D2215EB0644E4D4 /* Pods-lil-twitter.release.xcconfig */,
			);
			name = Pods;
			sourceTree = "<group>";
		};
		B80466ECCC38895D9190F953 /* Frameworks */ = {
			isa = PBXGroup;
			children = (
				C1F2B49FBB07BDDA6CD05250 /* libPods-lil-twitter.a */,
			);
			name = Frameworks;
			sourceTree = "<group>";
		};
/* End PBXGroup section */

/* Begin PBXNativeTarget section */
		3DBA2F8C1B0A775400606B1B /* lil-twitter */ = {
			isa = PBXNativeTarget;
			buildConfigurationList = 3DBA2FAC1B0A775400606B1B /* Build configuration list for PBXNativeTarget "lil-twitter" */;
			buildPhases = (
				207FCFD4CC36445639F8A2FE /* Check Pods Manifest.lock */,
				3DBA2F891B0A775400606B1B /* Sources */,
				3DBA2F8A1B0A775400606B1B /* Frameworks */,
				3DBA2F8B1B0A775400606B1B /* Resources */,
				1DD150837ECB3D6C975727EA /* Copy Pods Resources */,
			);
			buildRules = (
			);
			dependencies = (
			);
			name = "lil-twitter";
			productName = "lil-twitter";
			productReference = 3DBA2F8D1B0A775400606B1B /* lil-twitter.app */;
			productType = "com.apple.product-type.application";
		};
		3DBA2FA11B0A775400606B1B /* lil-twitterTests */ = {
			isa = PBXNativeTarget;
			buildConfigurationList = 3DBA2FAF1B0A775400606B1B /* Build configuration list for PBXNativeTarget "lil-twitterTests" */;
			buildPhases = (
				3DBA2F9E1B0A775400606B1B /* Sources */,
				3DBA2F9F1B0A775400606B1B /* Frameworks */,
				3DBA2FA01B0A775400606B1B /* Resources */,
			);
			buildRules = (
			);
			dependencies = (
				3DBA2FA41B0A775400606B1B /* PBXTargetDependency */,
			);
			name = "lil-twitterTests";
			productName = "lil-twitterTests";
			productReference = 3DBA2FA21B0A775400606B1B /* lil-twitterTests.xctest */;
			productType = "com.apple.product-type.bundle.unit-test";
		};
/* End PBXNativeTarget section */

/* Begin PBXProject section */
		3DBA2F851B0A775400606B1B /* Project object */ = {
			isa = PBXProject;
			attributes = {
				LastUpgradeCheck = 0630;
				ORGANIZATIONNAME = "Marcus J. Ellison";
				TargetAttributes = {
					3DBA2F8C1B0A775400606B1B = {
						CreatedOnToolsVersion = 6.3.1;
					};
					3DBA2FA11B0A775400606B1B = {
						CreatedOnToolsVersion = 6.3.1;
						TestTargetID = 3DBA2F8C1B0A775400606B1B;
					};
				};
			};
			buildConfigurationList = 3DBA2F881B0A775400606B1B /* Build configuration list for PBXProject "lil-twitter" */;
			compatibilityVersion = "Xcode 3.2";
			developmentRegion = English;
			hasScannedForEncodings = 0;
			knownRegions = (
				en,
				Base,
			);
			mainGroup = 3DBA2F841B0A775400606B1B;
			productRefGroup = 3DBA2F8E1B0A775400606B1B /* Products */;
			projectDirPath = "";
			projectRoot = "";
			targets = (
				3DBA2F8C1B0A775400606B1B /* lil-twitter */,
				3DBA2FA11B0A775400606B1B /* lil-twitterTests */,
			);
		};
/* End PBXProject section */

/* Begin PBXResourcesBuildPhase section */
		3DBA2F8B1B0A775400606B1B /* Resources */ = {
			isa = PBXResourcesBuildPhase;
			buildActionMask = 2147483647;
			files = (
				3DBA2F981B0A775400606B1B /* Main.storyboard in Resources */,
				3DBA2F9D1B0A775400606B1B /* LaunchScreen.xib in Resources */,
				3DBA2F9A1B0A775400606B1B /* Images.xcassets in Resources */,
			);
			runOnlyForDeploymentPostprocessing = 0;
		};
		3DBA2FA01B0A775400606B1B /* Resources */ = {
			isa = PBXResourcesBuildPhase;
			buildActionMask = 2147483647;
			files = (
			);
			runOnlyForDeploymentPostprocessing = 0;
		};
/* End PBXResourcesBuildPhase section */

/* Begin PBXShellScriptBuildPhase section */
		1DD150837ECB3D6C975727EA /* Copy Pods Resources */ = {
			isa = PBXShellScriptBuildPhase;
			buildActionMask = 2147483647;
			files = (
			);
			inputPaths = (
			);
			name = "Copy Pods Resources";
			outputPaths = (
			);
			runOnlyForDeploymentPostprocessing = 0;
			shellPath = /bin/sh;
			shellScript = "\"${SRCROOT}/Pods/Target Support Files/Pods-lil-twitter/Pods-lil-twitter-resources.sh\"\n";
			showEnvVarsInLog = 0;
		};
		207FCFD4CC36445639F8A2FE /* Check Pods Manifest.lock */ = {
			isa = PBXShellScriptBuildPhase;
			buildActionMask = 2147483647;
			files = (
			);
			inputPaths = (
			);
			name = "Check Pods Manifest.lock";
			outputPaths = (
			);
			runOnlyForDeploymentPostprocessing = 0;
			shellPath = /bin/sh;
			shellScript = "diff \"${PODS_ROOT}/../Podfile.lock\" \"${PODS_ROOT}/Manifest.lock\" > /dev/null\nif [[ $? != 0 ]] ; then\n    cat << EOM\nerror: The sandbox is not in sync with the Podfile.lock. Run 'pod install' or update your CocoaPods installation.\nEOM\n    exit 1\nfi\n";
			showEnvVarsInLog = 0;
		};
/* End PBXShellScriptBuildPhase section */

/* Begin PBXSourcesBuildPhase section */
		3DBA2F891B0A775400606B1B /* Sources */ = {
			isa = PBXSourcesBuildPhase;
			buildActionMask = 2147483647;
			files = (
				3DBA2F951B0A775400606B1B /* ViewController.swift in Sources */,
				3D6C6CD61B0A81FB00EFE42C /* TwitterClient.swift in Sources */,
				3DBA2F931B0A775400606B1B /* AppDelegate.swift in Sources */,
			);
			runOnlyForDeploymentPostprocessing = 0;
		};
		3DBA2F9E1B0A775400606B1B /* Sources */ = {
			isa = PBXSourcesBuildPhase;
			buildActionMask = 2147483647;
			files = (
				3DBA2FA91B0A775400606B1B /* lil_twitterTests.swift in Sources */,
			);
			runOnlyForDeploymentPostprocessing = 0;
		};
/* End PBXSourcesBuildPhase section */

/* Begin PBXTargetDependency section */
		3DBA2FA41B0A775400606B1B /* PBXTargetDependency */ = {
			isa = PBXTargetDependency;
			target = 3DBA2F8C1B0A775400606B1B /* lil-twitter */;
			targetProxy = 3DBA2FA31B0A775400606B1B /* PBXContainerItemProxy */;
		};
/* End PBXTargetDependency section */

/* Begin PBXVariantGroup section */
		3DBA2F961B0A775400606B1B /* Main.storyboard */ = {
			isa = PBXVariantGroup;
			children = (
				3DBA2F971B0A775400606B1B /* Base */,
			);
			name = Main.storyboard;
			sourceTree = "<group>";
		};
		3DBA2F9B1B0A775400606B1B /* LaunchScreen.xib */ = {
			isa = PBXVariantGroup;
			children = (
				3DBA2F9C1B0A775400606B1B /* Base */,
			);
			name = LaunchScreen.xib;
			sourceTree = "<group>";
		};
/* End PBXVariantGroup section */

/* Begin XCBuildConfiguration section */
		3DBA2FAA1B0A775400606B1B /* Debug */ = {
			isa = XCBuildConfiguration;
			buildSettings = {
				ALWAYS_SEARCH_USER_PATHS = NO;
				CLANG_CXX_LANGUAGE_STANDARD = "gnu++0x";
				CLANG_CXX_LIBRARY = "libc++";
				CLANG_ENABLE_MODULES = YES;
				CLANG_ENABLE_OBJC_ARC = YES;
				CLANG_WARN_BOOL_CONVERSION = YES;
				CLANG_WARN_CONSTANT_CONVERSION = YES;
				CLANG_WARN_DIRECT_OBJC_ISA_USAGE = YES_ERROR;
				CLANG_WARN_EMPTY_BODY = YES;
				CLANG_WARN_ENUM_CONVERSION = YES;
				CLANG_WARN_INT_CONVERSION = YES;
				CLANG_WARN_OBJC_ROOT_CLASS = YES_ERROR;
				CLANG_WARN_UNREACHABLE_CODE = YES;
				CLANG_WARN__DUPLICATE_METHOD_MATCH = YES;
				"CODE_SIGN_IDENTITY[sdk=iphoneos*]" = "iPhone Developer";
				COPY_PHASE_STRIP = NO;
				DEBUG_INFORMATION_FORMAT = "dwarf-with-dsym";
				ENABLE_STRICT_OBJC_MSGSEND = YES;
				GCC_C_LANGUAGE_STANDARD = gnu99;
				GCC_DYNAMIC_NO_PIC = NO;
				GCC_NO_COMMON_BLOCKS = YES;
				GCC_OPTIMIZATION_LEVEL = 0;
				GCC_PREPROCESSOR_DEFINITIONS = (
					"DEBUG=1",
					"$(inherited)",
				);
				GCC_SYMBOLS_PRIVATE_EXTERN = NO;
				GCC_WARN_64_TO_32_BIT_CONVERSION = YES;
				GCC_WARN_ABOUT_RETURN_TYPE = YES_ERROR;
				GCC_WARN_UNDECLARED_SELECTOR = YES;
				GCC_WARN_UNINITIALIZED_AUTOS = YES_AGGRESSIVE;
				GCC_WARN_UNUSED_FUNCTION = YES;
				GCC_WARN_UNUSED_VARIABLE = YES;
				IPHONEOS_DEPLOYMENT_TARGET = 8.3;
				MTL_ENABLE_DEBUG_INFO = YES;
				ONLY_ACTIVE_ARCH = YES;
				SDKROOT = iphoneos;
				SWIFT_OPTIMIZATION_LEVEL = "-Onone";
			};
			name = Debug;
		};
		3DBA2FAB1B0A775400606B1B /* Release */ = {
			isa = XCBuildConfiguration;
			buildSettings = {
				ALWAYS_SEARCH_USER_PATHS = NO;
				CLANG_CXX_LANGUAGE_STANDARD = "gnu++0x";
				CLANG_CXX_LIBRARY = "libc++";
				CLANG_ENABLE_MODULES = YES;
				CLANG_ENABLE_OBJC_ARC = YES;
				CLANG_WARN_BOOL_CONVERSION = YES;
				CLANG_WARN_CONSTANT_CONVERSION = YES;
				CLANG_WARN_DIRECT_OBJC_ISA_USAGE = YES_ERROR;
				CLANG_WARN_EMPTY_BODY = YES;
				CLANG_WARN_ENUM_CONVERSION = YES;
				CLANG_WARN_INT_CONVERSION = YES;
				CLANG_WARN_OBJC_ROOT_CLASS = YES_ERROR;
				CLANG_WARN_UNREACHABLE_CODE = YES;
				CLANG_WARN__DUPLICATE_METHOD_MATCH = YES;
				"CODE_SIGN_IDENTITY[sdk=iphoneos*]" = "iPhone Developer";
				COPY_PHASE_STRIP = NO;
				DEBUG_INFORMATION_FORMAT = "dwarf-with-dsym";
				ENABLE_NS_ASSERTIONS = NO;
				ENABLE_STRICT_OBJC_MSGSEND = YES;
				GCC_C_LANGUAGE_STANDARD = gnu99;
				GCC_NO_COMMON_BLOCKS = YES;
				GCC_WARN_64_TO_32_BIT_CONVERSION = YES;
				GCC_WARN_ABOUT_RETURN_TYPE = YES_ERROR;
				GCC_WARN_UNDECLARED_SELECTOR = YES;
				GCC_WARN_UNINITIALIZED_AUTOS = YES_AGGRESSIVE;
				GCC_WARN_UNUSED_FUNCTION = YES;
				GCC_WARN_UNUSED_VARIABLE = YES;
				IPHONEOS_DEPLOYMENT_TARGET = 8.3;
				MTL_ENABLE_DEBUG_INFO = NO;
				SDKROOT = iphoneos;
				VALIDATE_PRODUCT = YES;
			};
			name = Release;
		};
		3DBA2FAD1B0A775400606B1B /* Debug */ = {
			isa = XCBuildConfiguration;
			baseConfigurationReference = 044EF4DEB68618B7609ED088 /* Pods-lil-twitter.debug.xcconfig */;
			buildSettings = {
				ASSETCATALOG_COMPILER_APPICON_NAME = AppIcon;
				CLANG_ENABLE_MODULES = YES;
				INFOPLIST_FILE = "lil-twitter/Info.plist";
				LD_RUNPATH_SEARCH_PATHS = "$(inherited) @executable_path/Frameworks";
				PRODUCT_NAME = "$(TARGET_NAME)";
				SWIFT_OBJC_BRIDGING_HEADER = "lil-twitter/lil-twitter-Bridging-Header.h";
				SWIFT_OPTIMIZATION_LEVEL = "-Onone";
			};
			name = Debug;
		};
		3DBA2FAE1B0A775400606B1B /* Release */ = {
			isa = XCBuildConfiguration;
			baseConfigurationReference = 67F3F5179D2215EB0644E4D4 /* Pods-lil-twitter.release.xcconfig */;
			buildSettings = {
				ASSETCATALOG_COMPILER_APPICON_NAME = AppIcon;
				CLANG_ENABLE_MODULES = YES;
				INFOPLIST_FILE = "lil-twitter/Info.plist";
				LD_RUNPATH_SEARCH_PATHS = "$(inherited) @executable_path/Frameworks";
				PRODUCT_NAME = "$(TARGET_NAME)";
				SWIFT_OBJC_BRIDGING_HEADER = "lil-twitter/lil-twitter-Bridging-Header.h";
			};
			name = Release;
		};
		3DBA2FB01B0A775400606B1B /* Debug */ = {
			isa = XCBuildConfiguration;
			buildSettings = {
				BUNDLE_LOADER = "$(TEST_HOST)";
				FRAMEWORK_SEARCH_PATHS = (
					"$(SDKROOT)/Developer/Library/Frameworks",
					"$(inherited)",
				);
				GCC_PREPROCESSOR_DEFINITIONS = (
					"DEBUG=1",
					"$(inherited)",
				);
				INFOPLIST_FILE = "lil-twitterTests/Info.plist";
				LD_RUNPATH_SEARCH_PATHS = "$(inherited) @executable_path/Frameworks @loader_path/Frameworks";
				PRODUCT_NAME = "$(TARGET_NAME)";
				TEST_HOST = "$(BUILT_PRODUCTS_DIR)/lil-twitter.app/lil-twitter";
			};
			name = Debug;
		};
		3DBA2FB11B0A775400606B1B /* Release */ = {
			isa = XCBuildConfiguration;
			buildSettings = {
				BUNDLE_LOADER = "$(TEST_HOST)";
				FRAMEWORK_SEARCH_PATHS = (
					"$(SDKROOT)/Developer/Library/Frameworks",
					"$(inherited)",
				);
				INFOPLIST_FILE = "lil-twitterTests/Info.plist";
				LD_RUNPATH_SEARCH_PATHS = "$(inherited) @executable_path/Frameworks @loader_path/Frameworks";
				PRODUCT_NAME = "$(TARGET_NAME)";
				TEST_HOST = "$(BUILT_PRODUCTS_DIR)/lil-twitter.app/lil-twitter";
			};
			name = Release;
		};
/* End XCBuildConfiguration section */

/* Begin XCConfigurationList section */
		3DBA2F881B0A775400606B1B /* Build configuration list for PBXProject "lil-twitter" */ = {
			isa = XCConfigurationList;
			buildConfigurations = (
				3DBA2FAA1B0A775400606B1B /* Debug */,
				3DBA2FAB1B0A775400606B1B /* Release */,
			);
			defaultConfigurationIsVisible = 0;
			defaultConfigurationName = Release;
		};
		3DBA2FAC1B0A775400606B1B /* Build configuration list for PBXNativeTarget "lil-twitter" */ = {
			isa = XCConfigurationList;
			buildConfigurations = (
				3DBA2FAD1B0A775400606B1B /* Debug */,
				3DBA2FAE1B0A775400606B1B /* Release */,
			);
			defaultConfigurationIsVisible = 0;
			defaultConfigurationName = Release;
		};
		3DBA2FAF1B0A775400606B1B /* Build configuration list for PBXNativeTarget "lil-twitterTests" */ = {
			isa = XCConfigurationList;
			buildConfigurations = (
				3DBA2FB01B0A775400606B1B /* Debug */,
				3DBA2FB11B0A775400606B1B /* Release */,
			);
			defaultConfigurationIsVisible = 0;
			defaultConfigurationName = Release;
		};
/* End XCConfigurationList section */
	};
	rootObject = 3DBA2F851B0A775400606B1B /* Project object */;
}
